
Microsoft Visual Studio Solution File, Format Version 12.00
# Visual Studio Version 17
VisualStudioVersion = 17.14.36518.9 d17.14
MinimumVisualStudioVersion = 10.0.40219.1
Project("{8BC9CEB8-8B4A-11D0-8D11-00A0C91BC942}") = "Q6_36", "Q6_36\Q6_36.vcxproj", "{2E006A9A-AA08-4477-B261-B4AF40E24551}"
EndProject
Global
	GlobalSection(SolutionConfigurationPlatforms) = preSolution
		Debug|x64 = Debug|x64
		Debug|x86 = Debug|x86
		Release|x64 = Release|x64
		Release|x86 = Release|x86
	EndGlobalSection
	GlobalSection(ProjectConfigurationPlatforms) = postSolution
		{2E006A9A-AA08-4477-B261-B4AF40E24551}.Debug|x64.ActiveCfg = Debug|x64
		{2E006A9A-AA08-4477-B261-B4AF40E24551}.Debug|x64.Build.0 = Debug|x64
		{2E006A9A-AA08-4477-B261-B4AF40E24551}.Debug|x86.ActiveCfg = Debug|Win32
		{2E006A9A-AA08-4477-B261-B4AF40E24551}.Debug|x86.Build.0 = Debug|Win32
		{2E006A9A-AA08-4477-B261-B4AF40E24551}.Release|x64.ActiveCfg = Release|x64
		{2E006A9A-AA08-4477-B261-B4AF40E24551}.Release|x64.Build.0 = Release|x64
		{2E006A9A-AA08-4477-B261-B4AF40E24551}.Release|x86.ActiveCfg = Release|Win32
		{2E006A9A-AA08-4477-B261-B4AF40E24551}.Release|x86.Build.0 = Release|Win32
	EndGlobalSection
	GlobalSection(SolutionProperties) = preSolution
		HideSolutionNode = FALSE
	EndGlobalSection
	GlobalSection(ExtensibilityGlobals) = postSolution
		SolutionGuid = {583A1E2A-787C-4C46-8F55-60D335E4F9BB}
	EndGlobalSection
EndGlobal
